
Microsoft Visual Studio Solution File, Format Version 12.00
# Visual Studio Version 17
VisualStudioVersion = 17.3.32929.385
MinimumVisualStudioVersion = 10.0.40219.1
Project("{8BC9CEB8-8B4A-11D0-8D11-00A0C91BC942}") = "RUN CODE", "RUN CODE\RUN CODE.vcxproj", "{71C963FA-9A19-4858-8659-1D3DBCE33880}"
EndProject
Global
	GlobalSection(SolutionConfigurationPlatforms) = preSolution
		Debug|x64 = Debug|x64
		Debug|x86 = Debug|x86
		Release|x64 = Release|x64
		Release|x86 = Release|x86
	EndGlobalSection
	GlobalSection(ProjectConfigurationPlatforms) = postSolution
		{71C963FA-9A19-4858-8659-1D3DBCE33880}.Debug|x64.ActiveCfg = Debug|x64
		{71C963FA-9A19-4858-8659-1D3DBCE33880}.Debug|x64.Build.0 = Debug|x64
		{71C963FA-9A19-4858-8659-1D3DBCE33880}.Debug|x86.ActiveCfg = Debug|Win32
		{71C963FA-9A19-4858-8659-1D3DBCE33880}.Debug|x86.Build.0 = Debug|Win32
		{71C963FA-9A19-4858-8659-1D3DBCE33880}.Release|x64.ActiveCfg = Release|x64
		{71C963FA-9A19-4858-8659-1D3DBCE33880}.Release|x64.Build.0 = Release|x64
		{71C963FA-9A19-4858-8659-1D3DBCE33880}.Release|x86.ActiveCfg = Release|Win32
		{71C963FA-9A19-4858-8659-1D3DBCE33880}.Release|x86.Build.0 = Release|Win32
	EndGlobalSection
	GlobalSection(SolutionProperties) = preSolution
		HideSolutionNode = FALSE
	EndGlobalSection
	GlobalSection(ExtensibilityGlobals) = postSolution
		SolutionGuid = {B46CE3C4-7457-4C80-91DF-FDC1F4B76BD1}
	EndGlobalSection
EndGlobal
